<?xml version="1.0" encoding="utf-8"?>
<Project ToolsVersion="4.0" xmlns="http://schemas.microsoft.com/developer/msbuild/2003">
  <ItemGroup>
    <Filter Include="Main">
      <UniqueIdentifier>{4FC737F1-C7A5-4376-A066-2A32D752A2FF}</UniqueIdentifier>
      <Extensions>cpp;c;cc;cxx;c++;cppm;ixx;def;odl;idl;hpj;bat;asm;asmx</Extensions>
    </Filter>
    <Filter Include="Pch">
      <UniqueIdentifier>{894723de-558e-485b-b722-ead88f8aefda}</UniqueIdentifier>
    </Filter>
    <Filter Include="SwVirtualDevice">
      <UniqueIdentifier>{60971c18-d74d-4b36-9efe-ce23c422b811}</UniqueIdentifier>
    </Filter>
  </ItemGroup>
  <ItemGroup>
    <ClCompile Include="Main.cpp">
      <Filter>Main</Filter>
    </ClCompile>
    <ClCompile Include="pch.cpp">
      <Filter>Pch</Filter>
    </ClCompile>
    <ClCompile Include="SwVirtualDevice.cpp">
      <Filter>SwVirtualDevice</Filter>
    </ClCompile>
  </ItemGroup>
  <ItemGroup>
    <ClInclude Include="pch.h">
      <Filter>Pch</Filter>
    </ClInclude>
    <ClInclude Include="SwVirtualDevice.h">
      <Filter>SwVirtualDevice</Filter>
    </ClInclude>
  </ItemGroup>
</Project>