<?xml version="1.0" encoding="utf-8"?>
<Project ToolsVersion="4.0" xmlns="http://schemas.microsoft.com/developer/msbuild/2003">
  <ItemGroup>
    <ClCompile Include="Main.cpp">
      <Filter>Main</Filter>
    </ClCompile>
    <ClCompile Include="Driver.cpp">
      <Filter>Driver</Filter>
    </ClCompile>
    <ClCompile Include="Device.cpp">
      <Filter>Device</Filter>
    </ClCompile>
    <ClCompile Include="pch.cpp">
      <Filter>Pch</Filter>
    </ClCompile>
    <ClCompile Include="NewImpl.cpp">
      <Filter>NewImpl</Filter>
    </ClCompile>
  </ItemGroup>
  <ItemGroup>
    <ClInclude Include="Driver.h">
      <Filter>Driver</Filter>
    </ClInclude>
    <ClInclude Include="Device.h">
      <Filter>Device</Filter>
    </ClInclude>
    <ClInclude Include="pch.h">
      <Filter>Pch</Filter>
    </ClInclude>
    <ClInclude Include="PropertyKeys.h">
      <Filter>PropertyKeys</Filter>
    </ClInclude>
    <ClInclude Include="NewImpl.h">
      <Filter>NewImpl</Filter>
    </ClInclude>
  </ItemGroup>
  <ItemGroup>
    <Filter Include="Resources">
      <UniqueIdentifier>{8bdaa90a-cad1-4c64-a443-6e611dcbe86d}</UniqueIdentifier>
    </Filter>
    <Filter Include="Driver">
      <UniqueIdentifier>{b39d1132-ffa5-47a7-94d6-38d783073a2e}</UniqueIdentifier>
    </Filter>
    <Filter Include="Device">
      <UniqueIdentifier>{aa1c40f1-f682-45b3-ad4b-b77b555d40cd}</UniqueIdentifier>
    </Filter>
    <Filter Include="Pch">
      <UniqueIdentifier>{5852e1f9-a12c-449c-b7bc-b470e9fdbbd5}</UniqueIdentifier>
    </Filter>
    <Filter Include="Main">
      <UniqueIdentifier>{5d321f7f-9542-4c7c-81ab-6d63b40c6fd0}</UniqueIdentifier>
    </Filter>
    <Filter Include="PropertyKeys">
      <UniqueIdentifier>{403ab964-6834-4111-8865-2e5946999125}</UniqueIdentifier>
    </Filter>
    <Filter Include="NewImpl">
      <UniqueIdentifier>{8924c01c-c8f6-467e-b736-8d7b8e5361b3}</UniqueIdentifier>
    </Filter>
  </ItemGroup>
  <ItemGroup>
    <Inf Include="VirtualDisk.inf">
      <Filter>Resources</Filter>
    </Inf>
  </ItemGroup>
</Project>