
Microsoft Visual Studio Solution File, Format Version 12.00
# Visual Studio Version 16
VisualStudioVersion = 16.0.30717.126
MinimumVisualStudioVersion = 10.0.40219.1
Project("{8BC9CEB8-8B4A-11D0-8D11-00A0C91BC942}") = "VirtualDisk", "VirtualDisk\VirtualDisk.vcxproj", "{CF51C52A-0264-4FEE-B690-13073FEFC6A4}"
EndProject
Project("{2150E333-8FDC-42A3-9474-1A3956D46DE8}") = "Solution Items", "Solution Items", "{7368A955-0769-490D-BB9D-4667E341363E}"
	ProjectSection(SolutionItems) = preProject
		.editorconfig = .editorconfig
	EndProjectSection
EndProject
Project("{8BC9CEB8-8B4A-11D0-8D11-00A0C91BC942}") = "VirtualDiskControl", "VirtualDiskControl\VirtualDiskControl.vcxproj", "{A50EDCB6-AA10-421D-8A3C-4957B88E705C}"
EndProject
Project("{2150E333-8FDC-42A3-9474-1A3956D46DE8}") = "props", "props", "{BF32860F-242C-4AB0-A0ED-3D70BA793052}"
	ProjectSection(SolutionItems) = preProject
		props\Debug.props = props\Debug.props
		props\Main.props = props\Main.props
		props\Release.props = props\Release.props
		props\Win32.props = props\Win32.props
		props\x64.props = props\x64.props
	EndProjectSection
EndProject
Global
	GlobalSection(SolutionConfigurationPlatforms) = preSolution
		Debug|x64 = Debug|x64
		Debug|x86 = Debug|x86
		Release|x64 = Release|x64
		Release|x86 = Release|x86
	EndGlobalSection
	GlobalSection(ProjectConfigurationPlatforms) = postSolution
		{CF51C52A-0264-4FEE-B690-13073FEFC6A4}.Debug|x64.ActiveCfg = Debug|x64
		{CF51C52A-0264-4FEE-B690-13073FEFC6A4}.Debug|x64.Build.0 = Debug|x64
		{CF51C52A-0264-4FEE-B690-13073FEFC6A4}.Debug|x64.Deploy.0 = Debug|x64
		{CF51C52A-0264-4FEE-B690-13073FEFC6A4}.Debug|x86.ActiveCfg = Debug|Win32
		{CF51C52A-0264-4FEE-B690-13073FEFC6A4}.Debug|x86.Build.0 = Debug|Win32
		{CF51C52A-0264-4FEE-B690-13073FEFC6A4}.Debug|x86.Deploy.0 = Debug|Win32
		{CF51C52A-0264-4FEE-B690-13073FEFC6A4}.Release|x64.ActiveCfg = Release|x64
		{CF51C52A-0264-4FEE-B690-13073FEFC6A4}.Release|x64.Build.0 = Release|x64
		{CF51C52A-0264-4FEE-B690-13073FEFC6A4}.Release|x64.Deploy.0 = Release|x64
		{CF51C52A-0264-4FEE-B690-13073FEFC6A4}.Release|x86.ActiveCfg = Release|Win32
		{CF51C52A-0264-4FEE-B690-13073FEFC6A4}.Release|x86.Build.0 = Release|Win32
		{CF51C52A-0264-4FEE-B690-13073FEFC6A4}.Release|x86.Deploy.0 = Release|Win32
		{A50EDCB6-AA10-421D-8A3C-4957B88E705C}.Debug|x64.ActiveCfg = Debug|x64
		{A50EDCB6-AA10-421D-8A3C-4957B88E705C}.Debug|x64.Build.0 = Debug|x64
		{A50EDCB6-AA10-421D-8A3C-4957B88E705C}.Debug|x86.ActiveCfg = Debug|Win32
		{A50EDCB6-AA10-421D-8A3C-4957B88E705C}.Debug|x86.Build.0 = Debug|Win32
		{A50EDCB6-AA10-421D-8A3C-4957B88E705C}.Release|x64.ActiveCfg = Release|x64
		{A50EDCB6-AA10-421D-8A3C-4957B88E705C}.Release|x64.Build.0 = Release|x64
		{A50EDCB6-AA10-421D-8A3C-4957B88E705C}.Release|x86.ActiveCfg = Release|Win32
		{A50EDCB6-AA10-421D-8A3C-4957B88E705C}.Release|x86.Build.0 = Release|Win32
	EndGlobalSection
	GlobalSection(SolutionProperties) = preSolution
		HideSolutionNode = FALSE
	EndGlobalSection
	GlobalSection(NestedProjects) = preSolution
		{BF32860F-242C-4AB0-A0ED-3D70BA793052} = {7368A955-0769-490D-BB9D-4667E341363E}
	EndGlobalSection
	GlobalSection(ExtensibilityGlobals) = postSolution
		SolutionGuid = {8AF34DBA-AD8E-41EB-801C-66604CC2F2CC}
	EndGlobalSection
EndGlobal
